
Microsoft Visual Studio Solution File, Format Version 12.00
# Visual Studio 2013
VisualStudioVersion = 12.0.31101.0
MinimumVisualStudioVersion = 10.0.40219.1
Project("{FAE04EC0-301F-11D3-BF4B-00C04F79EFBC}") = "PS.Web", "PS.Web\PS.Web.csproj", "{5139DD10-D278-4A5C-A2B4-1D14C176EC9A}"
EndProject
Project("{FAE04EC0-301F-11D3-BF4B-00C04F79EFBC}") = "PS.Domain", "PS.Domain\PS.Domain.csproj", "{E3AC7E87-965F-4BBF-BAC7-ED3987F56617}"
EndProject
Project("{FAE04EC0-301F-11D3-BF4B-00C04F79EFBC}") = "PS.DAL", "PS.DAL\PS.DAL.csproj", "{1CA15381-9B51-475E-B4BB-0ADEDC1B9117}"
EndProject
Global
	GlobalSection(SolutionConfigurationPlatforms) = preSolution
		Debug|Any CPU = Debug|Any CPU
		Release|Any CPU = Release|Any CPU
	EndGlobalSection
	GlobalSection(ProjectConfigurationPlatforms) = postSolution
		{5139DD10-D278-4A5C-A2B4-1D14C176EC9A}.Debug|Any CPU.ActiveCfg = Debug|Any CPU
		{5139DD10-D278-4A5C-A2B4-1D14C176EC9A}.Debug|Any CPU.Build.0 = Debug|Any CPU
		{5139DD10-D278-4A5C-A2B4-1D14C176EC9A}.Release|Any CPU.ActiveCfg = Release|Any CPU
		{5139DD10-D278-4A5C-A2B4-1D14C176EC9A}.Release|Any CPU.Build.0 = Release|Any CPU
		{E3AC7E87-965F-4BBF-BAC7-ED3987F56617}.Debug|Any CPU.ActiveCfg = Debug|Any CPU
		{E3AC7E87-965F-4BBF-BAC7-ED3987F56617}.Debug|Any CPU.Build.0 = Debug|Any CPU
		{E3AC7E87-965F-4BBF-BAC7-ED3987F56617}.Release|Any CPU.ActiveCfg = Release|Any CPU
		{E3AC7E87-965F-4BBF-BAC7-ED3987F56617}.Release|Any CPU.Build.0 = Release|Any CPU
		{1CA15381-9B51-475E-B4BB-0ADEDC1B9117}.Debug|Any CPU.ActiveCfg = Debug|Any CPU
		{1CA15381-9B51-475E-B4BB-0ADEDC1B9117}.Debug|Any CPU.Build.0 = Debug|Any CPU
		{1CA15381-9B51-475E-B4BB-0ADEDC1B9117}.Release|Any CPU.ActiveCfg = Release|Any CPU
		{1CA15381-9B51-475E-B4BB-0ADEDC1B9117}.Release|Any CPU.Build.0 = Release|Any CPU
	EndGlobalSection
	GlobalSection(SolutionProperties) = preSolution
		HideSolutionNode = FALSE
	EndGlobalSection
EndGlobal
